
Microsoft Visual Studio Solution File, Format Version 12.00
# Visual Studio 15
VisualStudioVersion = 15.0.27130.2024
MinimumVisualStudioVersion = 10.0.40219.1
Project("{FAE04EC0-301F-11D3-BF4B-00C04F79EFBC}") = "AK_Hibabejelento_14S", "AK_Hibabejelento_14S\AK_Hibabejelento_14S.csproj", "{10DAD732-8165-4F1F-BAA9-73DD02293A7A}"
EndProject
Global
	GlobalSection(SolutionConfigurationPlatforms) = preSolution
		Debug|Any CPU = Debug|Any CPU
		Release|Any CPU = Release|Any CPU
	EndGlobalSection
	GlobalSection(ProjectConfigurationPlatforms) = postSolution
		{10DAD732-8165-4F1F-BAA9-73DD02293A7A}.Debug|Any CPU.ActiveCfg = Debug|Any CPU
		{10DAD732-8165-4F1F-BAA9-73DD02293A7A}.Debug|Any CPU.Build.0 = Debug|Any CPU
		{10DAD732-8165-4F1F-BAA9-73DD02293A7A}.Release|Any CPU.ActiveCfg = Release|Any CPU
		{10DAD732-8165-4F1F-BAA9-73DD02293A7A}.Release|Any CPU.Build.0 = Release|Any CPU
	EndGlobalSection
	GlobalSection(SolutionProperties) = preSolution
		HideSolutionNode = FALSE
	EndGlobalSection
	GlobalSection(ExtensibilityGlobals) = postSolution
		SolutionGuid = {F71EB09E-6286-4453-A024-55919B904149}
	EndGlobalSection
EndGlobal
